
Microsoft Visual Studio Solution File, Format Version 12.00
# Visual Studio Version 16
VisualStudioVersion = 16.0.29306.81
MinimumVisualStudioVersion = 10.0.40219.1
Project("{FAE04EC0-301F-11D3-BF4B-00C04F79EFBC}") = "ordering", "ordering\ordering.csproj", "{A3E11070-0B5E-4078-B844-AE4109BD378E}"
EndProject
Global
	GlobalSection(SolutionConfigurationPlatforms) = preSolution
		Debug|Any CPU = Debug|Any CPU
		Release|Any CPU = Release|Any CPU
	EndGlobalSection
	GlobalSection(ProjectConfigurationPlatforms) = postSolution
		{A3E11070-0B5E-4078-B844-AE4109BD378E}.Debug|Any CPU.ActiveCfg = Debug|Any CPU
		{A3E11070-0B5E-4078-B844-AE4109BD378E}.Debug|Any CPU.Build.0 = Debug|Any CPU
		{A3E11070-0B5E-4078-B844-AE4109BD378E}.Release|Any CPU.ActiveCfg = Release|Any CPU
		{A3E11070-0B5E-4078-B844-AE4109BD378E}.Release|Any CPU.Build.0 = Release|Any CPU
	EndGlobalSection
	GlobalSection(SolutionProperties) = preSolution
		HideSolutionNode = FALSE
	EndGlobalSection
	GlobalSection(ExtensibilityGlobals) = postSolution
		SolutionGuid = {7C8A8473-6C73-456A-9014-BFB857F7A941}
	EndGlobalSection
EndGlobal
